// !$*UTF8*$!
{
	archiveVersion = 1;
	classes = {
	};
	objectVersion = 50;
	objects = {

/* Begin PBXBuildFile section */
		528C3DB621CC2DC100C7D560 /* AppDelegate.swift in Sources */ = {isa = PBXBuildFile; fileRef = 528C3DB521CC2DC100C7D560 /* AppDelegate.swift */; };
		528C3DB821CC2DC100C7D560 /* ViewController.swift in Sources */ = {isa = PBXBuildFile; fileRef = 528C3DB721CC2DC100C7D560 /* ViewController.swift */; };
		528C3DBB21CC2DC100C7D560 /* Main.storyboard in Resources */ = {isa = PBXBuildFile; fileRef = 528C3DB921CC2DC100C7D560 /* Main.storyboard */; };
		528C3DBD21CC2DC300C7D560 /* Assets.xcassets in Resources */ = {isa = PBXBuildFile; fileRef = 528C3DBC21CC2DC300C7D560 /* Assets.xcassets */; };
		528C3DC021CC2DC300C7D560 /* LaunchScreen.storyboard in Resources */ = {isa = PBXBuildFile; fileRef = 528C3DBE21CC2DC300C7D560 /* LaunchScreen.storyboard */; };
		528C3DCB21CC2DC300C7D560 /* eggplant_brownieTests.swift in Sources */ = {isa = PBXBuildFile; fileRef = 528C3DCA21CC2DC300C7D560 /* eggplant_brownieTests.swift */; };
		528C3DD621CC2DC300C7D560 /* eggplant_brownieUITests.swift in Sources */ = {isa = PBXBuildFile; fileRef = 528C3DD521CC2DC300C7D560 /* eggplant_brownieUITests.swift */; };
		528DD67621CD715B00A64661 /* Meal.swift in Sources */ = {isa = PBXBuildFile; fileRef = 528DD67521CD715B00A64661 /* Meal.swift */; };
		528DD67821CD71D000A64661 /* Item.swift in Sources */ = {isa = PBXBuildFile; fileRef = 528DD67721CD71D000A64661 /* Item.swift */; };
		528DD67A21D05A4100A64661 /* MealsTableViewController.swift in Sources */ = {isa = PBXBuildFile; fileRef = 528DD67921D05A4100A64661 /* MealsTableViewController.swift */; };
		528DD67E21D06EF400A64661 /* AddAMealDelegate.swift in Sources */ = {isa = PBXBuildFile; fileRef = 528DD67D21D06EF400A64661 /* AddAMealDelegate.swift */; };
		528DD68121D45DC900A64661 /* NewItemViewController.swift in Sources */ = {isa = PBXBuildFile; fileRef = 528DD67F21D45DC900A64661 /* NewItemViewController.swift */; };
		528DD68221D45DC900A64661 /* NewItemViewController.xib in Resources */ = {isa = PBXBuildFile; fileRef = 528DD68021D45DC900A64661 /* NewItemViewController.xib */; };
		528DD68421D46CF700A64661 /* AddAnItemDelegate.swift in Sources */ = {isa = PBXBuildFile; fileRef = 528DD68321D46CF700A64661 /* AddAnItemDelegate.swift */; };
/* End PBXBuildFile section */

/* Begin PBXContainerItemProxy section */
		528C3DC721CC2DC300C7D560 /* PBXContainerItemProxy */ = {
			isa = PBXContainerItemProxy;
			containerPortal = 528C3DAA21CC2DC000C7D560 /* Project object */;
			proxyType = 1;
			remoteGlobalIDString = 528C3DB121CC2DC000C7D560;
			remoteInfo = "eggplant-brownie";
		};
		528C3DD221CC2DC300C7D560 /* PBXContainerItemProxy */ = {
			isa = PBXContainerItemProxy;
			containerPortal = 528C3DAA21CC2DC000C7D560 /* Project object */;
			proxyType = 1;
			remoteGlobalIDString = 528C3DB121CC2DC000C7D560;
			remoteInfo = "eggplant-brownie";
		};
/* End PBXContainerItemProxy section */

/* Begin PBXFileReference section */
		528C3DB221CC2DC100C7D560 /* eggplant-brownie.app */ = {isa = PBXFileReference; explicitFileType = wrapper.application; includeInIndex = 0; path = "eggplant-brownie.app"; sourceTree = BUILT_PRODUCTS_DIR; };
		528C3DB521CC2DC100C7D560 /* AppDelegate.swift */ = {isa = PBXFileReference; lastKnownFileType = sourcecode.swift; path = AppDelegate.swift; sourceTree = "<group>"; };
		528C3DB721CC2DC100C7D560 /* ViewController.swift */ = {isa = PBXFileReference; lastKnownFileType = sourcecode.swift; path = ViewController.swift; sourceTree = "<group>"; };
		528C3DBA21CC2DC100C7D560 /* Base */ = {isa = PBXFileReference; lastKnownFileType = file.storyboard; name = Base; path = Base.lproj/Main.storyboard; sourceTree = "<group>"; };
		528C3DBC21CC2DC300C7D560 /* Assets.xcassets */ = {isa = PBXFileReference; lastKnownFileType = folder.assetcatalog; path = Assets.xcassets; sourceTree = "<group>"; };
		528C3DBF21CC2DC300C7D560 /* Base */ = {isa = PBXFileReference; lastKnownFileType = file.storyboard; name = Base; path = Base.lproj/LaunchScreen.storyboard; sourceTree = "<group>"; };
		528C3DC121CC2DC300C7D560 /* Info.plist */ = {isa = PBXFileReference; lastKnownFileType = text.plist.xml; path = Info.plist; sourceTree = "<group>"; };
		528C3DC621CC2DC300C7D560 /* eggplant-brownieTests.xctest */ = {isa = PBXFileReference; explicitFileType = wrapper.cfbundle; includeInIndex = 0; path = "eggplant-brownieTests.xctest"; sourceTree = BUILT_PRODUCTS_DIR; };
		528C3DCA21CC2DC300C7D560 /* eggplant_brownieTests.swift */ = {isa = PBXFileReference; lastKnownFileType = sourcecode.swift; path = eggplant_brownieTests.swift; sourceTree = "<group>"; };
		528C3DCC21CC2DC300C7D560 /* Info.plist */ = {isa = PBXFileReference; lastKnownFileType = text.plist.xml; path = Info.plist; sourceTree = "<group>"; };
		528C3DD121CC2DC300C7D560 /* eggplant-brownieUITests.xctest */ = {isa = PBXFileReference; explicitFileType = wrapper.cfbundle; includeInIndex = 0; path = "eggplant-brownieUITests.xctest"; sourceTree = BUILT_PRODUCTS_DIR; };
		528C3DD521CC2DC300C7D560 /* eggplant_brownieUITests.swift */ = {isa = PBXFileReference; lastKnownFileType = sourcecode.swift; path = eggplant_brownieUITests.swift; sourceTree = "<group>"; };
		528C3DD721CC2DC300C7D560 /* Info.plist */ = {isa = PBXFileReference; lastKnownFileType = text.plist.xml; path = Info.plist; sourceTree = "<group>"; };
		528C3DE321CC3D6A00C7D560 /* MyPlayground.playground */ = {isa = PBXFileReference; lastKnownFileType = file.playground; name = MyPlayground.playground; path = ../../MyPlayground.playground; sourceTree = "<group>"; xcLanguageSpecificationIdentifier = xcode.lang.swift; };
		528DD67521CD715B00A64661 /* Meal.swift */ = {isa = PBXFileReference; lastKnownFileType = sourcecode.swift; path = Meal.swift; sourceTree = "<group>"; };
		528DD67721CD71D000A64661 /* Item.swift */ = {isa = PBXFileReference; lastKnownFileType = sourcecode.swift; path = Item.swift; sourceTree = "<group>"; };
		528DD67921D05A4100A64661 /* MealsTableViewController.swift */ = {isa = PBXFileReference; lastKnownFileType = sourcecode.swift; path = MealsTableViewController.swift; sourceTree = "<group>"; };
		528DD67D21D06EF400A64661 /* AddAMealDelegate.swift */ = {isa = PBXFileReference; fileEncoding = 4; lastKnownFileType = sourcecode.swift; path = AddAMealDelegate.swift; sourceTree = "<group>"; };
		528DD67F21D45DC900A64661 /* NewItemViewController.swift */ = {isa = PBXFileReference; lastKnownFileType = sourcecode.swift; path = NewItemViewController.swift; sourceTree = "<group>"; };
		528DD68021D45DC900A64661 /* NewItemViewController.xib */ = {isa = PBXFileReference; lastKnownFileType = file.xib; path = NewItemViewController.xib; sourceTree = "<group>"; };
		528DD68321D46CF700A64661 /* AddAnItemDelegate.swift */ = {isa = PBXFileReference; lastKnownFileType = sourcecode.swift; path = AddAnItemDelegate.swift; sourceTree = "<group>"; };
/* End PBXFileReference section */

/* Begin PBXFrameworksBuildPhase section */
		528C3DAF21CC2DC000C7D560 /* Frameworks */ = {
			isa = PBXFrameworksBuildPhase;
			buildActionMask = 2147483647;
			files = (
			);
			runOnlyForDeploymentPostprocessing = 0;
		};
		528C3DC321CC2DC300C7D560 /* Frameworks */ = {
			isa = PBXFrameworksBuildPhase;
			buildActionMask = 2147483647;
			files = (
			);
			runOnlyForDeploymentPostprocessing = 0;
		};
		528C3DCE21CC2DC300C7D560 /* Frameworks */ = {
			isa = PBXFrameworksBuildPhase;
			buildActionMask = 2147483647;
			files = (
			);
			runOnlyForDeploymentPostprocessing = 0;
		};
/* End PBXFrameworksBuildPhase section */

/* Begin PBXGroup section */
		528C3DA921CC2DC000C7D560 = {
			isa = PBXGroup;
			children = (
				528C3DB421CC2DC100C7D560 /* eggplant-brownie */,
				528C3DC921CC2DC300C7D560 /* eggplant-brownieTests */,
				528C3DD421CC2DC300C7D560 /* eggplant-brownieUITests */,
				528C3DB321CC2DC100C7D560 /* Products */,
			);
			sourceTree = "<group>";
		};
		528C3DB321CC2DC100C7D560 /* Products */ = {
			isa = PBXGroup;
			children = (
				528C3DB221CC2DC100C7D560 /* eggplant-brownie.app */,
				528C3DC621CC2DC300C7D560 /* eggplant-brownieTests.xctest */,
				528C3DD121CC2DC300C7D560 /* eggplant-brownieUITests.xctest */,
			);
			name = Products;
			sourceTree = "<group>";
		};
		528C3DB421CC2DC100C7D560 /* eggplant-brownie */ = {
			isa = PBXGroup;
			children = (
				528C3DE321CC3D6A00C7D560 /* MyPlayground.playground */,
				528C3DB521CC2DC100C7D560 /* AppDelegate.swift */,
				528DD67321CD710F00A64661 /* models */,
				528DD67221CD710F00A64661 /* viewcontrollers */,
				528DD67421CD710F00A64661 /* views */,
				528C3DBC21CC2DC300C7D560 /* Assets.xcassets */,
				528C3DC121CC2DC300C7D560 /* Info.plist */,
			);
			path = "eggplant-brownie";
			sourceTree = "<group>";
		};
		528C3DC921CC2DC300C7D560 /* eggplant-brownieTests */ = {
			isa = PBXGroup;
			children = (
				528C3DCA21CC2DC300C7D560 /* eggplant_brownieTests.swift */,
				528C3DCC21CC2DC300C7D560 /* Info.plist */,
			);
			path = "eggplant-brownieTests";
			sourceTree = "<group>";
		};
		528C3DD421CC2DC300C7D560 /* eggplant-brownieUITests */ = {
			isa = PBXGroup;
			children = (
				528C3DD521CC2DC300C7D560 /* eggplant_brownieUITests.swift */,
				528C3DD721CC2DC300C7D560 /* Info.plist */,
			);
			path = "eggplant-brownieUITests";
			sourceTree = "<group>";
		};
		528DD67221CD710F00A64661 /* viewcontrollers */ = {
			isa = PBXGroup;
			children = (
				528DD67F21D45DC900A64661 /* NewItemViewController.swift */,
				528DD67D21D06EF400A64661 /* AddAMealDelegate.swift */,
				528C3DB721CC2DC100C7D560 /* ViewController.swift */,
				528DD67921D05A4100A64661 /* MealsTableViewController.swift */,
				528DD68321D46CF700A64661 /* AddAnItemDelegate.swift */,
			);
			path = viewcontrollers;
			sourceTree = "<group>";
		};
		528DD67321CD710F00A64661 /* models */ = {
			isa = PBXGroup;
			children = (
				528DD67521CD715B00A64661 /* Meal.swift */,
				528DD67721CD71D000A64661 /* Item.swift */,
			);
			path = models;
			sourceTree = "<group>";
		};
		528DD67421CD710F00A64661 /* views */ = {
			isa = PBXGroup;
			children = (
				528C3DB921CC2DC100C7D560 /* Main.storyboard */,
				528C3DBE21CC2DC300C7D560 /* LaunchScreen.storyboard */,
				528DD68021D45DC900A64661 /* NewItemViewController.xib */,
			);
			path = views;
			sourceTree = "<group>";
		};
/* End PBXGroup section */

/* Begin PBXNativeTarget section */
		528C3DB121CC2DC000C7D560 /* eggplant-brownie */ = {
			isa = PBXNativeTarget;
			buildConfigurationList = 528C3DDA21CC2DC300C7D560 /* Build configuration list for PBXNativeTarget "eggplant-brownie" */;
			buildPhases = (
				528C3DAE21CC2DC000C7D560 /* Sources */,
				528C3DAF21CC2DC000C7D560 /* Frameworks */,
				528C3DB021CC2DC000C7D560 /* Resources */,
			);
			buildRules = (
			);
			dependencies = (
			);
			name = "eggplant-brownie";
			productName = "eggplant-brownie";
			productReference = 528C3DB221CC2DC100C7D560 /* eggplant-brownie.app */;
			productType = "com.apple.product-type.application";
		};
		528C3DC521CC2DC300C7D560 /* eggplant-brownieTests */ = {
			isa = PBXNativeTarget;
			buildConfigurationList = 528C3DDD21CC2DC300C7D560 /* Build configuration list for PBXNativeTarget "eggplant-brownieTests" */;
			buildPhases = (
				528C3DC221CC2DC300C7D560 /* Sources */,
				528C3DC321CC2DC300C7D560 /* Frameworks */,
				528C3DC421CC2DC300C7D560 /* Resources */,
			);
			buildRules = (
			);
			dependencies = (
				528C3DC821CC2DC300C7D560 /* PBXTargetDependency */,
			);
			name = "eggplant-brownieTests";
			productName = "eggplant-brownieTests";
			productReference = 528C3DC621CC2DC300C7D560 /* eggplant-brownieTests.xctest */;
			productType = "com.apple.product-type.bundle.unit-test";
		};
		528C3DD021CC2DC300C7D560 /* eggplant-brownieUITests */ = {
			isa = PBXNativeTarget;
			buildConfigurationList = 528C3DE021CC2DC300C7D560 /* Build configuration list for PBXNativeTarget "eggplant-brownieUITests" */;
			buildPhases = (
				528C3DCD21CC2DC300C7D560 /* Sources */,
				528C3DCE21CC2DC300C7D560 /* Frameworks */,
				528C3DCF21CC2DC300C7D560 /* Resources */,
			);
			buildRules = (
			);
			dependencies = (
				528C3DD321CC2DC300C7D560 /* PBXTargetDependency */,
			);
			name = "eggplant-brownieUITests";
			productName = "eggplant-brownieUITests";
			productReference = 528C3DD121CC2DC300C7D560 /* eggplant-brownieUITests.xctest */;
			productType = "com.apple.product-type.bundle.ui-testing";
		};
/* End PBXNativeTarget section */

/* Begin PBXProject section */
		528C3DAA21CC2DC000C7D560 /* Project object */ = {
			isa = PBXProject;
			attributes = {
				LastSwiftUpdateCheck = 1010;
				LastUpgradeCheck = 1010;
				ORGANIZATIONNAME = Rsac;
				TargetAttributes = {
					528C3DB121CC2DC000C7D560 = {
						CreatedOnToolsVersion = 10.1;
					};
					528C3DC521CC2DC300C7D560 = {
						CreatedOnToolsVersion = 10.1;
						TestTargetID = 528C3DB121CC2DC000C7D560;
					};
					528C3DD021CC2DC300C7D560 = {
						CreatedOnToolsVersion = 10.1;
						TestTargetID = 528C3DB121CC2DC000C7D560;
					};
				};
			};
			buildConfigurationList = 528C3DAD21CC2DC000C7D560 /* Build configuration list for PBXProject "eggplant-brownie" */;
			compatibilityVersion = "Xcode 9.3";
			developmentRegion = en;
			hasScannedForEncodings = 0;
			knownRegions = (
				en,
				Base,
			);
			mainGroup = 528C3DA921CC2DC000C7D560;
			productRefGroup = 528C3DB321CC2DC100C7D560 /* Products */;
			projectDirPath = "";
			projectRoot = "";
			targets = (
				528C3DB121CC2DC000C7D560 /* eggplant-brownie */,
				528C3DC521CC2DC300C7D560 /* eggplant-brownieTests */,
				528C3DD021CC2DC300C7D560 /* eggplant-brownieUITests */,
			);
		};
/* End PBXProject section */

/* Begin PBXResourcesBuildPhase section */
		528C3DB021CC2DC000C7D560 /* Resources */ = {
			isa = PBXResourcesBuildPhase;
			buildActionMask = 2147483647;
			files = (
				528C3DC021CC2DC300C7D560 /* LaunchScreen.storyboard in Resources */,
				528C3DBD21CC2DC300C7D560 /* Assets.xcassets in Resources */,
				528DD68221D45DC900A64661 /* NewItemViewController.xib in Resources */,
				528C3DBB21CC2DC100C7D560 /* Main.storyboard in Resources */,
			);
			runOnlyForDeploymentPostprocessing = 0;
		};
		528C3DC421CC2DC300C7D560 /* Resources */ = {
			isa = PBXResourcesBuildPhase;
			buildActionMask = 2147483647;
			files = (
			);
			runOnlyForDeploymentPostprocessing = 0;
		};
		528C3DCF21CC2DC300C7D560 /* Resources */ = {
			isa = PBXResourcesBuildPhase;
			buildActionMask = 2147483647;
			files = (
			);
			runOnlyForDeploymentPostprocessing = 0;
		};
/* End PBXResourcesBuildPhase section */

/* Begin PBXSourcesBuildPhase section */
		528C3DAE21CC2DC000C7D560 /* Sources */ = {
			isa = PBXSourcesBuildPhase;
			buildActionMask = 2147483647;
			files = (
				528DD67A21D05A4100A64661 /* MealsTableViewController.swift in Sources */,
				528DD67821CD71D000A64661 /* Item.swift in Sources */,
				528C3DB821CC2DC100C7D560 /* ViewController.swift in Sources */,
				528DD67E21D06EF400A64661 /* AddAMealDelegate.swift in Sources */,
				528DD68421D46CF700A64661 /* AddAnItemDelegate.swift in Sources */,
				528DD67621CD715B00A64661 /* Meal.swift in Sources */,
				528C3DB621CC2DC100C7D560 /* AppDelegate.swift in Sources */,
				528DD68121D45DC900A64661 /* NewItemViewController.swift in Sources */,
			);
			runOnlyForDeploymentPostprocessing = 0;
		};
		528C3DC221CC2DC300C7D560 /* Sources */ = {
			isa = PBXSourcesBuildPhase;
			buildActionMask = 2147483647;
			files = (
				528C3DCB21CC2DC300C7D560 /* eggplant_brownieTests.swift in Sources */,
			);
			runOnlyForDeploymentPostprocessing = 0;
		};
		528C3DCD21CC2DC300C7D560 /* Sources */ = {
			isa = PBXSourcesBuildPhase;
			buildActionMask = 2147483647;
			files = (
				528C3DD621CC2DC300C7D560 /* eggplant_brownieUITests.swift in Sources */,
			);
			runOnlyForDeploymentPostprocessing = 0;
		};
/* End PBXSourcesBuildPhase section */

/* Begin PBXTargetDependency section */
		528C3DC821CC2DC300C7D560 /* PBXTargetDependency */ = {
			isa = PBXTargetDependency;
			target = 528C3DB121CC2DC000C7D560 /* eggplant-brownie */;
			targetProxy = 528C3DC721CC2DC300C7D560 /* PBXContainerItemProxy */;
		};
		528C3DD321CC2DC300C7D560 /* PBXTargetDependency */ = {
			isa = PBXTargetDependency;
			target = 528C3DB121CC2DC000C7D560 /* eggplant-brownie */;
			targetProxy = 528C3DD221CC2DC300C7D560 /* PBXContainerItemProxy */;
		};
/* End PBXTargetDependency section */

/* Begin PBXVariantGroup section */
		528C3DB921CC2DC100C7D560 /* Main.storyboard */ = {
			isa = PBXVariantGroup;
			children = (
				528C3DBA21CC2DC100C7D560 /* Base */,
			);
			name = Main.storyboard;
			sourceTree = "<group>";
		};
		528C3DBE21CC2DC300C7D560 /* LaunchScreen.storyboard */ = {
			isa = PBXVariantGroup;
			children = (
				528C3DBF21CC2DC300C7D560 /* Base */,
			);
			name = LaunchScreen.storyboard;
			sourceTree = "<group>";
		};
/* End PBXVariantGroup section */

/* Begin XCBuildConfiguration section */
		528C3DD821CC2DC300C7D560 /* Debug */ = {
			isa = XCBuildConfiguration;
			buildSettings = {
				ALWAYS_SEARCH_USER_PATHS = NO;
				CLANG_ANALYZER_NONNULL = YES;
				CLANG_ANALYZER_NUMBER_OBJECT_CONVERSION = YES_AGGRESSIVE;
				CLANG_CXX_LANGUAGE_STANDARD = "gnu++14";
				CLANG_CXX_LIBRARY = "libc++";
				CLANG_ENABLE_MODULES = YES;
				CLANG_ENABLE_OBJC_ARC = YES;
				CLANG_ENABLE_OBJC_WEAK = YES;
				CLANG_WARN_BLOCK_CAPTURE_AUTORELEASING = YES;
				CLANG_WARN_BOOL_CONVERSION = YES;
				CLANG_WARN_COMMA = YES;
				CLANG_WARN_CONSTANT_CONVERSION = YES;
				CLANG_WARN_DEPRECATED_OBJC_IMPLEMENTATIONS = YES;
				CLANG_WARN_DIRECT_OBJC_ISA_USAGE = YES_ERROR;
				CLANG_WARN_DOCUMENTATION_COMMENTS = YES;
				CLANG_WARN_EMPTY_BODY = YES;
				CLANG_WARN_ENUM_CONVERSION = YES;
				CLANG_WARN_INFINITE_RECURSION = YES;
				CLANG_WARN_INT_CONVERSION = YES;
				CLANG_WARN_NON_LITERAL_NULL_CONVERSION = YES;
				CLANG_WARN_OBJC_IMPLICIT_RETAIN_SELF = YES;
				CLANG_WARN_OBJC_LITERAL_CONVERSION = YES;
				CLANG_WARN_OBJC_ROOT_CLASS = YES_ERROR;
				CLANG_WARN_RANGE_LOOP_ANALYSIS = YES;
				CLANG_WARN_STRICT_PROTOTYPES = YES;
				CLANG_WARN_SUSPICIOUS_MOVE = YES;
				CLANG_WARN_UNGUARDED_AVAILABILITY = YES_AGGRESSIVE;
				CLANG_WARN_UNREACHABLE_CODE = YES;
				CLANG_WARN__DUPLICATE_METHOD_MATCH = YES;
				CODE_SIGN_IDENTITY = "iPhone Developer";
				COPY_PHASE_STRIP = NO;
				DEBUG_INFORMATION_FORMAT = dwarf;
				ENABLE_STRICT_OBJC_MSGSEND = YES;
				ENABLE_TESTABILITY = YES;
				GCC_C_LANGUAGE_STANDARD = gnu11;
				GCC_DYNAMIC_NO_PIC = NO;
				GCC_NO_COMMON_BLOCKS = YES;
				GCC_OPTIMIZATION_LEVEL = 0;
				GCC_PREPROCESSOR_DEFINITIONS = (
					"DEBUG=1",
					"$(inherited)",
				);
				GCC_WARN_64_TO_32_BIT_CONVERSION = YES;
				GCC_WARN_ABOUT_RETURN_TYPE = YES_ERROR;
				GCC_WARN_UNDECLARED_SELECTOR = YES;
				GCC_WARN_UNINITIALIZED_AUTOS = YES_AGGRESSIVE;
				GCC_WARN_UNUSED_FUNCTION = YES;
				GCC_WARN_UNUSED_VARIABLE = YES;
				IPHONEOS_DEPLOYMENT_TARGET = 12.1;
				MTL_ENABLE_DEBUG_INFO = INCLUDE_SOURCE;
				MTL_FAST_MATH = YES;
				ONLY_ACTIVE_ARCH = YES;
				SDKROOT = iphoneos;
				SWIFT_ACTIVE_COMPILATION_CONDITIONS = DEBUG;
				SWIFT_OPTIMIZATION_LEVEL = "-Onone";
			};
			name = Debug;
		};
		528C3DD921CC2DC300C7D560 /* Release */ = {
			isa = XCBuildConfiguration;
			buildSettings = {
				ALWAYS_SEARCH_USER_PATHS = NO;
				CLANG_ANALYZER_NONNULL = YES;
				CLANG_ANALYZER_NUMBER_OBJECT_CONVERSION = YES_AGGRESSIVE;
				CLANG_CXX_LANGUAGE_STANDARD = "gnu++14";
				CLANG_CXX_LIBRARY = "libc++";
				CLANG_ENABLE_MODULES = YES;
				CLANG_ENABLE_OBJC_ARC = YES;
				CLANG_ENABLE_OBJC_WEAK = YES;
				CLANG_WARN_BLOCK_CAPTURE_AUTORELEASING = YES;
				CLANG_WARN_BOOL_CONVERSION = YES;
				CLANG_WARN_COMMA = YES;
				CLANG_WARN_CONSTANT_CONVERSION = YES;
				CLANG_WARN_DEPRECATED_OBJC_IMPLEMENTATIONS = YES;
				CLANG_WARN_DIRECT_OBJC_ISA_USAGE = YES_ERROR;
				CLANG_WARN_DOCUMENTATION_COMMENTS = YES;
				CLANG_WARN_EMPTY_BODY = YES;
				CLANG_WARN_ENUM_CONVERSION = YES;
				CLANG_WARN_INFINITE_RECURSION = YES;
				CLANG_WARN_INT_CONVERSION = YES;
				CLANG_WARN_NON_LITERAL_NULL_CONVERSION = YES;
				CLANG_WARN_OBJC_IMPLICIT_RETAIN_SELF = YES;
				CLANG_WARN_OBJC_LITERAL_CONVERSION = YES;
				CLANG_WARN_OBJC_ROOT_CLASS = YES_ERROR;
				CLANG_WARN_RANGE_LOOP_ANALYSIS = YES;
				CLANG_WARN_STRICT_PROTOTYPES = YES;
				CLANG_WARN_SUSPICIOUS_MOVE = YES;
				CLANG_WARN_UNGUARDED_AVAILABILITY = YES_AGGRESSIVE;
				CLANG_WARN_UNREACHABLE_CODE = YES;
				CLANG_WARN__DUPLICATE_METHOD_MATCH = YES;
				CODE_SIGN_IDENTITY = "iPhone Developer";
				COPY_PHASE_STRIP = NO;
				DEBUG_INFORMATION_FORMAT = "dwarf-with-dsym";
				ENABLE_NS_ASSERTIONS = NO;
				ENABLE_STRICT_OBJC_MSGSEND = YES;
				GCC_C_LANGUAGE_STANDARD = gnu11;
				GCC_NO_COMMON_BLOCKS = YES;
				GCC_WARN_64_TO_32_BIT_CONVERSION = YES;
				GCC_WARN_ABOUT_RETURN_TYPE = YES_ERROR;
				GCC_WARN_UNDECLARED_SELECTOR = YES;
				GCC_WARN_UNINITIALIZED_AUTOS = YES_AGGRESSIVE;
				GCC_WARN_UNUSED_FUNCTION = YES;
				GCC_WARN_UNUSED_VARIABLE = YES;
				IPHONEOS_DEPLOYMENT_TARGET = 12.1;
				MTL_ENABLE_DEBUG_INFO = NO;
				MTL_FAST_MATH = YES;
				SDKROOT = iphoneos;
				SWIFT_COMPILATION_MODE = wholemodule;
				SWIFT_OPTIMIZATION_LEVEL = "-O";
				VALIDATE_PRODUCT = YES;
			};
			name = Release;
		};
		528C3DDB21CC2DC300C7D560 /* Debug */ = {
			isa = XCBuildConfiguration;
			buildSettings = {
				ASSETCATALOG_COMPILER_APPICON_NAME = AppIcon;
				CODE_SIGN_STYLE = Automatic;
				DEVELOPMENT_TEAM = 7TBCX7QSF9;
				INFOPLIST_FILE = "eggplant-brownie/Info.plist";
				LD_RUNPATH_SEARCH_PATHS = (
					"$(inherited)",
					"@executable_path/Frameworks",
				);
				PRODUCT_BUNDLE_IDENTIFIER = "br.com.haroldjose30.eggplant-brownie";
				PRODUCT_NAME = "$(TARGET_NAME)";
				SWIFT_VERSION = 4.2;
				TARGETED_DEVICE_FAMILY = "1,2";
			};
			name = Debug;
		};
		528C3DDC21CC2DC300C7D560 /* Release */ = {
			isa = XCBuildConfiguration;
			buildSettings = {
				ASSETCATALOG_COMPILER_APPICON_NAME = AppIcon;
				CODE_SIGN_STYLE = Automatic;
				DEVELOPMENT_TEAM = 7TBCX7QSF9;
				INFOPLIST_FILE = "eggplant-brownie/Info.plist";
				LD_RUNPATH_SEARCH_PATHS = (
					"$(inherited)",
					"@executable_path/Frameworks",
				);
				PRODUCT_BUNDLE_IDENTIFIER = "br.com.haroldjose30.eggplant-brownie";
				PRODUCT_NAME = "$(TARGET_NAME)";
				SWIFT_VERSION = 4.2;
				TARGETED_DEVICE_FAMILY = "1,2";
			};
			name = Release;
		};
		528C3DDE21CC2DC300C7D560 /* Debug */ = {
			isa = XCBuildConfiguration;
			buildSettings = {
				ALWAYS_EMBED_SWIFT_STANDARD_LIBRARIES = YES;
				BUNDLE_LOADER = "$(TEST_HOST)";
				CODE_SIGN_STYLE = Automatic;
				INFOPLIST_FILE = "eggplant-brownieTests/Info.plist";
				LD_RUNPATH_SEARCH_PATHS = (
					"$(inherited)",
					"@executable_path/Frameworks",
					"@loader_path/Frameworks",
				);
				PRODUCT_BUNDLE_IDENTIFIER = "br.com.haroldjose30.eggplant-brownieTests";
				PRODUCT_NAME = "$(TARGET_NAME)";
				SWIFT_VERSION = 4.2;
				TARGETED_DEVICE_FAMILY = "1,2";
				TEST_HOST = "$(BUILT_PRODUCTS_DIR)/eggplant-brownie.app/eggplant-brownie";
			};
			name = Debug;
		};
		528C3DDF21CC2DC300C7D560 /* Release */ = {
			isa = XCBuildConfiguration;
			buildSettings = {
				ALWAYS_EMBED_SWIFT_STANDARD_LIBRARIES = YES;
				BUNDLE_LOADER = "$(TEST_HOST)";
				CODE_SIGN_STYLE = Automatic;
				INFOPLIST_FILE = "eggplant-brownieTests/Info.plist";
				LD_RUNPATH_SEARCH_PATHS = (
					"$(inherited)",
					"@executable_path/Frameworks",
					"@loader_path/Frameworks",
				);
				PRODUCT_BUNDLE_IDENTIFIER = "br.com.haroldjose30.eggplant-brownieTests";
				PRODUCT_NAME = "$(TARGET_NAME)";
				SWIFT_VERSION = 4.2;
				TARGETED_DEVICE_FAMILY = "1,2";
				TEST_HOST = "$(BUILT_PRODUCTS_DIR)/eggplant-brownie.app/eggplant-brownie";
			};
			name = Release;
		};
		528C3DE121CC2DC300C7D560 /* Debug */ = {
			isa = XCBuildConfiguration;
			buildSettings = {
				ALWAYS_EMBED_SWIFT_STANDARD_LIBRARIES = YES;
				CODE_SIGN_STYLE = Automatic;
				INFOPLIST_FILE = "eggplant-brownieUITests/Info.plist";
				LD_RUNPATH_SEARCH_PATHS = (
					"$(inherited)",
					"@executable_path/Frameworks",
					"@loader_path/Frameworks",
				);
				PRODUCT_BUNDLE_IDENTIFIER = "br.com.haroldjose30.eggplant-brownieUITests";
				PRODUCT_NAME = "$(TARGET_NAME)";
				SWIFT_VERSION = 4.2;
				TARGETED_DEVICE_FAMILY = "1,2";
				TEST_TARGET_NAME = "eggplant-brownie";
			};
			name = Debug;
		};
		528C3DE221CC2DC300C7D560 /* Release */ = {
			isa = XCBuildConfiguration;
			buildSettings = {
				ALWAYS_EMBED_SWIFT_STANDARD_LIBRARIES = YES;
				CODE_SIGN_STYLE = Automatic;
				INFOPLIST_FILE = "eggplant-brownieUITests/Info.plist";
				LD_RUNPATH_SEARCH_PATHS = (
					"$(inherited)",
					"@executable_path/Frameworks",
					"@loader_path/Frameworks",
				);
				PRODUCT_BUNDLE_IDENTIFIER = "br.com.haroldjose30.eggplant-brownieUITests";
				PRODUCT_NAME = "$(TARGET_NAME)";
				SWIFT_VERSION = 4.2;
				TARGETED_DEVICE_FAMILY = "1,2";
				TEST_TARGET_NAME = "eggplant-brownie";
			};
			name = Release;
		};
/* End XCBuildConfiguration section */

/* Begin XCConfigurationList section */
		528C3DAD21CC2DC000C7D560 /* Build configuration list for PBXProject "eggplant-brownie" */ = {
			isa = XCConfigurationList;
			buildConfigurations = (
				528C3DD821CC2DC300C7D560 /* Debug */,
				528C3DD921CC2DC300C7D560 /* Release */,
			);
			defaultConfigurationIsVisible = 0;
			defaultConfigurationName = Release;
		};
		528C3DDA21CC2DC300C7D560 /* Build configuration list for PBXNativeTarget "eggplant-brownie" */ = {
			isa = XCConfigurationList;
			buildConfigurations = (
				528C3DDB21CC2DC300C7D560 /* Debug */,
				528C3DDC21CC2DC300C7D560 /* Release */,
			);
			defaultConfigurationIsVisible = 0;
			defaultConfigurationName = Release;
		};
		528C3DDD21CC2DC300C7D560 /* Build configuration list for PBXNativeTarget "eggplant-brownieTests" */ = {
			isa = XCConfigurationList;
			buildConfigurations = (
				528C3DDE21CC2DC300C7D560 /* Debug */,
				528C3DDF21CC2DC300C7D560 /* Release */,
			);
			defaultConfigurationIsVisible = 0;
			defaultConfigurationName = Release;
		};
		528C3DE021CC2DC300C7D560 /* Build configuration list for PBXNativeTarget "eggplant-brownieUITests" */ = {
			isa = XCConfigurationList;
			buildConfigurations = (
				528C3DE121CC2DC300C7D560 /* Debug */,
				528C3DE221CC2DC300C7D560 /* Release */,
			);
			defaultConfigurationIsVisible = 0;
			defaultConfigurationName = Release;
		};
/* End XCConfigurationList section */
	};
	rootObject = 528C3DAA21CC2DC000C7D560 /* Project object */;
}
